
Microsoft Visual Studio Solution File, Format Version 12.00
# Visual Studio Version 16
VisualStudioVersion = 16.0.30523.141
MinimumVisualStudioVersion = 10.0.40219.1
Project("{FAE04EC0-301F-11D3-BF4B-00C04F79EFBC}") = "proiect1", "proiect1.csproj", "{34711B58-0326-4AE7-83D9-A37AB24E0D63}"
EndProject
Global
	GlobalSection(SolutionConfigurationPlatforms) = preSolution
		Debug|Any CPU = Debug|Any CPU
		Release|Any CPU = Release|Any CPU
	EndGlobalSection
	GlobalSection(ProjectConfigurationPlatforms) = postSolution
		{34711B58-0326-4AE7-83D9-A37AB24E0D63}.Debug|Any CPU.ActiveCfg = Debug|Any CPU
		{34711B58-0326-4AE7-83D9-A37AB24E0D63}.Debug|Any CPU.Build.0 = Debug|Any CPU
		{34711B58-0326-4AE7-83D9-A37AB24E0D63}.Release|Any CPU.ActiveCfg = Release|Any CPU
		{34711B58-0326-4AE7-83D9-A37AB24E0D63}.Release|Any CPU.Build.0 = Release|Any CPU
	EndGlobalSection
	GlobalSection(SolutionProperties) = preSolution
		HideSolutionNode = FALSE
	EndGlobalSection
	GlobalSection(ExtensibilityGlobals) = postSolution
		SolutionGuid = {91A070E0-2AB9-44A3-80E7-8E44F36FF58C}
	EndGlobalSection
EndGlobal
